
Microsoft Visual Studio Solution File, Format Version 12.00
# Visual Studio Version 16
VisualStudioVersion = 16.0.32901.82
MinimumVisualStudioVersion = 10.0.40219.1
Project("{FAE04EC0-301F-11D3-BF4B-00C04F79EFBC}") = "split_sort_list", "split_sort_list\split_sort_list.csproj", "{3A4C31E9-F827-4B10-B99D-8C57E76FEB9D}"
EndProject
Global
	GlobalSection(SolutionConfigurationPlatforms) = preSolution
		Debug|Any CPU = Debug|Any CPU
		Release|Any CPU = Release|Any CPU
	EndGlobalSection
	GlobalSection(ProjectConfigurationPlatforms) = postSolution
		{3A4C31E9-F827-4B10-B99D-8C57E76FEB9D}.Debug|Any CPU.ActiveCfg = Debug|Any CPU
		{3A4C31E9-F827-4B10-B99D-8C57E76FEB9D}.Debug|Any CPU.Build.0 = Debug|Any CPU
		{3A4C31E9-F827-4B10-B99D-8C57E76FEB9D}.Release|Any CPU.ActiveCfg = Release|Any CPU
		{3A4C31E9-F827-4B10-B99D-8C57E76FEB9D}.Release|Any CPU.Build.0 = Release|Any CPU
	EndGlobalSection
	GlobalSection(SolutionProperties) = preSolution
		HideSolutionNode = FALSE
	EndGlobalSection
	GlobalSection(ExtensibilityGlobals) = postSolution
		SolutionGuid = {2769FE47-B48D-43ED-88D7-5B62CF03BE01}
	EndGlobalSection
EndGlobal
