
Microsoft Visual Studio Solution File, Format Version 12.00
# Visual Studio Version 17
VisualStudioVersion = 17.2.32505.173
MinimumVisualStudioVersion = 10.0.40219.1
Project("{888888A0-9F3D-457C-B088-3A5042F75D52}") = "ais_lb5", "ais_lb5.pyproj", "{B4F463A1-478F-4CB4-8806-1F24E374632C}"
EndProject
Global
	GlobalSection(SolutionConfigurationPlatforms) = preSolution
		Debug|Any CPU = Debug|Any CPU
		Release|Any CPU = Release|Any CPU
	EndGlobalSection
	GlobalSection(ProjectConfigurationPlatforms) = postSolution
		{B4F463A1-478F-4CB4-8806-1F24E374632C}.Debug|Any CPU.ActiveCfg = Debug|Any CPU
		{B4F463A1-478F-4CB4-8806-1F24E374632C}.Release|Any CPU.ActiveCfg = Release|Any CPU
	EndGlobalSection
	GlobalSection(SolutionProperties) = preSolution
		HideSolutionNode = FALSE
	EndGlobalSection
	GlobalSection(ExtensibilityGlobals) = postSolution
		SolutionGuid = {8FFE0488-1E21-40CD-BFC6-25EEF312A09F}
	EndGlobalSection
EndGlobal
