
Microsoft Visual Studio Solution File, Format Version 12.00
# Visual Studio Version 16
VisualStudioVersion = 16.0.32901.82
MinimumVisualStudioVersion = 10.0.40219.1
Project("{FAE04EC0-301F-11D3-BF4B-00C04F79EFBC}") = "lb3_prob_huk", "lb3_prob_huk\lb3_prob_huk.csproj", "{C3EA4878-0164-4665-A31B-D4502B48F1D7}"
EndProject
Global
	GlobalSection(SolutionConfigurationPlatforms) = preSolution
		Debug|Any CPU = Debug|Any CPU
		Release|Any CPU = Release|Any CPU
	EndGlobalSection
	GlobalSection(ProjectConfigurationPlatforms) = postSolution
		{C3EA4878-0164-4665-A31B-D4502B48F1D7}.Debug|Any CPU.ActiveCfg = Debug|Any CPU
		{C3EA4878-0164-4665-A31B-D4502B48F1D7}.Debug|Any CPU.Build.0 = Debug|Any CPU
		{C3EA4878-0164-4665-A31B-D4502B48F1D7}.Release|Any CPU.ActiveCfg = Release|Any CPU
		{C3EA4878-0164-4665-A31B-D4502B48F1D7}.Release|Any CPU.Build.0 = Release|Any CPU
	EndGlobalSection
	GlobalSection(SolutionProperties) = preSolution
		HideSolutionNode = FALSE
	EndGlobalSection
	GlobalSection(ExtensibilityGlobals) = postSolution
		SolutionGuid = {57985415-FBE9-4477-BE0A-C4C1D40E4CCE}
	EndGlobalSection
EndGlobal
