
Microsoft Visual Studio Solution File, Format Version 12.00
# Visual Studio Version 16
VisualStudioVersion = 16.0.32901.82
MinimumVisualStudioVersion = 10.0.40219.1
Project("{888888A0-9F3D-457C-B088-3A5042F75D52}") = "ais_lb1", "ais_lb1\ais_lb1.pyproj", "{34CB9C1E-B756-473E-9B25-1D08607DEDA8}"
EndProject
Global
	GlobalSection(SolutionConfigurationPlatforms) = preSolution
		Debug|Any CPU = Debug|Any CPU
		Release|Any CPU = Release|Any CPU
	EndGlobalSection
	GlobalSection(ProjectConfigurationPlatforms) = postSolution
		{34CB9C1E-B756-473E-9B25-1D08607DEDA8}.Debug|Any CPU.ActiveCfg = Debug|Any CPU
		{34CB9C1E-B756-473E-9B25-1D08607DEDA8}.Release|Any CPU.ActiveCfg = Release|Any CPU
	EndGlobalSection
	GlobalSection(SolutionProperties) = preSolution
		HideSolutionNode = FALSE
	EndGlobalSection
	GlobalSection(ExtensibilityGlobals) = postSolution
		SolutionGuid = {04802C4A-B028-4774-9563-DEC980C8CF1D}
	EndGlobalSection
EndGlobal
